// !$*UTF8*$!
{
	archiveVersion = 1;
	classes = {
	};
	objectVersion = 46;
	objects = {

/* Begin PBXBuildFile section */
		D81848991EEDDC4D00AEED48 /* EmotionsViewController.swift in Sources */ = {isa = PBXBuildFile; fileRef = D81848981EEDDC4D00AEED48 /* EmotionsViewController.swift */; };
		D8429E7B1EE6E4CA00416659 /* FacialExpression.swift in Sources */ = {isa = PBXBuildFile; fileRef = D8429E7A1EE6E4CA00416659 /* FacialExpression.swift */; };
		D86653101F0551C70019DAEC /* VCLLoggingViewController.swift in Sources */ = {isa = PBXBuildFile; fileRef = D866530F1F0551C70019DAEC /* VCLLoggingViewController.swift */; };
		D87FBD3F1FBA907A005923CC /* BlinkingFaceViewController.swift in Sources */ = {isa = PBXBuildFile; fileRef = D87FBD3E1FBA907A005923CC /* BlinkingFaceViewController.swift */; };
		D87FBD411FBAB5D0005923CC /* EyeView.swift in Sources */ = {isa = PBXBuildFile; fileRef = D87FBD401FBAB5CF005923CC /* EyeView.swift */; };
		D8F0F5E21EDD15B40036505F /* AppDelegate.swift in Sources */ = {isa = PBXBuildFile; fileRef = D8F0F5E11EDD15B40036505F /* AppDelegate.swift */; };
		D8F0F5E41EDD15B40036505F /* FaceViewController.swift in Sources */ = {isa = PBXBuildFile; fileRef = D8F0F5E31EDD15B40036505F /* FaceViewController.swift */; };
		D8F0F5E71EDD15B40036505F /* Main.storyboard in Resources */ = {isa = PBXBuildFile; fileRef = D8F0F5E51EDD15B40036505F /* Main.storyboard */; };
		D8F0F5E91EDD15B40036505F /* Assets.xcassets in Resources */ = {isa = PBXBuildFile; fileRef = D8F0F5E81EDD15B40036505F /* Assets.xcassets */; };
		D8F0F5EC1EDD15B40036505F /* LaunchScreen.storyboard in Resources */ = {isa = PBXBuildFile; fileRef = D8F0F5EA1EDD15B40036505F /* LaunchScreen.storyboard */; };
		D8F0F5F51EDD16760036505F /* FaceView.swift in Sources */ = {isa = PBXBuildFile; fileRef = D8F0F5F41EDD16760036505F /* FaceView.swift */; };
/* End PBXBuildFile section */

/* Begin PBXFileReference section */
		D81848981EEDDC4D00AEED48 /* EmotionsViewController.swift */ = {isa = PBXFileReference; fileEncoding = 4; lastKnownFileType = sourcecode.swift; path = EmotionsViewController.swift; sourceTree = "<group>"; };
		D8429E7A1EE6E4CA00416659 /* FacialExpression.swift */ = {isa = PBXFileReference; fileEncoding = 4; lastKnownFileType = sourcecode.swift; path = FacialExpression.swift; sourceTree = "<group>"; };
		D866530F1F0551C70019DAEC /* VCLLoggingViewController.swift */ = {isa = PBXFileReference; fileEncoding = 4; lastKnownFileType = sourcecode.swift; path = VCLLoggingViewController.swift; sourceTree = "<group>"; };
		D87FBD3E1FBA907A005923CC /* BlinkingFaceViewController.swift */ = {isa = PBXFileReference; lastKnownFileType = sourcecode.swift; path = BlinkingFaceViewController.swift; sourceTree = "<group>"; };
		D87FBD401FBAB5CF005923CC /* EyeView.swift */ = {isa = PBXFileReference; fileEncoding = 4; lastKnownFileType = sourcecode.swift; path = EyeView.swift; sourceTree = "<group>"; };
		D8F0F5DE1EDD15B40036505F /* FaceIt.app */ = {isa = PBXFileReference; explicitFileType = wrapper.application; includeInIndex = 0; path = FaceIt.app; sourceTree = BUILT_PRODUCTS_DIR; };
		D8F0F5E11EDD15B40036505F /* AppDelegate.swift */ = {isa = PBXFileReference; lastKnownFileType = sourcecode.swift; path = AppDelegate.swift; sourceTree = "<group>"; };
		D8F0F5E31EDD15B40036505F /* FaceViewController.swift */ = {isa = PBXFileReference; lastKnownFileType = sourcecode.swift; path = FaceViewController.swift; sourceTree = "<group>"; };
		D8F0F5E61EDD15B40036505F /* Base */ = {isa = PBXFileReference; lastKnownFileType = file.storyboard; name = Base; path = Base.lproj/Main.storyboard; sourceTree = "<group>"; };
		D8F0F5E81EDD15B40036505F /* Assets.xcassets */ = {isa = PBXFileReference; lastKnownFileType = folder.assetcatalog; path = Assets.xcassets; sourceTree = "<group>"; };
		D8F0F5EB1EDD15B40036505F /* Base */ = {isa = PBXFileReference; lastKnownFileType = file.storyboard; name = Base; path = Base.lproj/LaunchScreen.storyboard; sourceTree = "<group>"; };
		D8F0F5ED1EDD15B40036505F /* Info.plist */ = {isa = PBXFileReference; lastKnownFileType = text.plist.xml; path = Info.plist; sourceTree = "<group>"; };
		D8F0F5F41EDD16760036505F /* FaceView.swift */ = {isa = PBXFileReference; fileEncoding = 4; lastKnownFileType = sourcecode.swift; path = FaceView.swift; sourceTree = "<group>"; };
/* End PBXFileReference section */

/* Begin PBXFrameworksBuildPhase section */
		D8F0F5DB1EDD15B40036505F /* Frameworks */ = {
			isa = PBXFrameworksBuildPhase;
			buildActionMask = 2147483647;
			files = (
			);
			runOnlyForDeploymentPostprocessing = 0;
		};
/* End PBXFrameworksBuildPhase section */

/* Begin PBXGroup section */
		D8F0F5D51EDD15B40036505F = {
			isa = PBXGroup;
			children = (
				D8F0F5E01EDD15B40036505F /* FaceIt */,
				D8F0F5DF1EDD15B40036505F /* Products */,
			);
			sourceTree = "<group>";
		};
		D8F0F5DF1EDD15B40036505F /* Products */ = {
			isa = PBXGroup;
			children = (
				D8F0F5DE1EDD15B40036505F /* FaceIt.app */,
			);
			name = Products;
			sourceTree = "<group>";
		};
		D8F0F5E01EDD15B40036505F /* FaceIt */ = {
			isa = PBXGroup;
			children = (
				D8F0F5E31EDD15B40036505F /* FaceViewController.swift */,
				D87FBD3E1FBA907A005923CC /* BlinkingFaceViewController.swift */,
				D87FBD401FBAB5CF005923CC /* EyeView.swift */,
				D8F0F5F41EDD16760036505F /* FaceView.swift */,
				D81848981EEDDC4D00AEED48 /* EmotionsViewController.swift */,
				D866530F1F0551C70019DAEC /* VCLLoggingViewController.swift */,
				D8429E7A1EE6E4CA00416659 /* FacialExpression.swift */,
				D8F0F5E51EDD15B40036505F /* Main.storyboard */,
				D8F0F5F31EDD15FB0036505F /* Supporting Files */,
			);
			path = FaceIt;
			sourceTree = "<group>";
		};
		D8F0F5F31EDD15FB0036505F /* Supporting Files */ = {
			isa = PBXGroup;
			children = (
				D8F0F5E11EDD15B40036505F /* AppDelegate.swift */,
				D8F0F5E81EDD15B40036505F /* Assets.xcassets */,
				D8F0F5EA1EDD15B40036505F /* LaunchScreen.storyboard */,
				D8F0F5ED1EDD15B40036505F /* Info.plist */,
			);
			name = "Supporting Files";
			sourceTree = "<group>";
		};
/* End PBXGroup section */

/* Begin PBXNativeTarget section */
		D8F0F5DD1EDD15B40036505F /* FaceIt */ = {
			isa = PBXNativeTarget;
			buildConfigurationList = D8F0F5F01EDD15B40036505F /* Build configuration list for PBXNativeTarget "FaceIt" */;
			buildPhases = (
				D8F0F5DA1EDD15B40036505F /* Sources */,
				D8F0F5DB1EDD15B40036505F /* Frameworks */,
				D8F0F5DC1EDD15B40036505F /* Resources */,
			);
			buildRules = (
			);
			dependencies = (
			);
			name = FaceIt;
			productName = FaceIt;
			productReference = D8F0F5DE1EDD15B40036505F /* FaceIt.app */;
			productType = "com.apple.product-type.application";
		};
/* End PBXNativeTarget section */

/* Begin PBXProject section */
		D8F0F5D61EDD15B40036505F /* Project object */ = {
			isa = PBXProject;
			attributes = {
				LastSwiftUpdateCheck = 0830;
				LastUpgradeCheck = 0830;
				ORGANIZATIONNAME = "Cory Steers";
				TargetAttributes = {
					D8F0F5DD1EDD15B40036505F = {
						CreatedOnToolsVersion = 8.3.2;
						ProvisioningStyle = Automatic;
					};
				};
			};
			buildConfigurationList = D8F0F5D91EDD15B40036505F /* Build configuration list for PBXProject "FaceIt" */;
			compatibilityVersion = "Xcode 3.2";
			developmentRegion = English;
			hasScannedForEncodings = 0;
			knownRegions = (
				en,
				Base,
			);
			mainGroup = D8F0F5D51EDD15B40036505F;
			productRefGroup = D8F0F5DF1EDD15B40036505F /* Products */;
			projectDirPath = "";
			projectRoot = "";
			targets = (
				D8F0F5DD1EDD15B40036505F /* FaceIt */,
			);
		};
/* End PBXProject section */

/* Begin PBXResourcesBuildPhase section */
		D8F0F5DC1EDD15B40036505F /* Resources */ = {
			isa = PBXResourcesBuildPhase;
			buildActionMask = 2147483647;
			files = (
				D8F0F5EC1EDD15B40036505F /* LaunchScreen.storyboard in Resources */,
				D8F0F5E91EDD15B40036505F /* Assets.xcassets in Resources */,
				D8F0F5E71EDD15B40036505F /* Main.storyboard in Resources */,
			);
			runOnlyForDeploymentPostprocessing = 0;
		};
/* End PBXResourcesBuildPhase section */

/* Begin PBXSourcesBuildPhase section */
		D8F0F5DA1EDD15B40036505F /* Sources */ = {
			isa = PBXSourcesBuildPhase;
			buildActionMask = 2147483647;
			files = (
				D86653101F0551C70019DAEC /* VCLLoggingViewController.swift in Sources */,
				D8F0F5E41EDD15B40036505F /* FaceViewController.swift in Sources */,
				D8429E7B1EE6E4CA00416659 /* FacialExpression.swift in Sources */,
				D81848991EEDDC4D00AEED48 /* EmotionsViewController.swift in Sources */,
				D87FBD3F1FBA907A005923CC /* BlinkingFaceViewController.swift in Sources */,
				D8F0F5E21EDD15B40036505F /* AppDelegate.swift in Sources */,
				D87FBD411FBAB5D0005923CC /* EyeView.swift in Sources */,
				D8F0F5F51EDD16760036505F /* FaceView.swift in Sources */,
			);
			runOnlyForDeploymentPostprocessing = 0;
		};
/* End PBXSourcesBuildPhase section */

/* Begin PBXVariantGroup section */
		D8F0F5E51EDD15B40036505F /* Main.storyboard */ = {
			isa = PBXVariantGroup;
			children = (
				D8F0F5E61EDD15B40036505F /* Base */,
			);
			name = Main.storyboard;
			sourceTree = "<group>";
		};
		D8F0F5EA1EDD15B40036505F /* LaunchScreen.storyboard */ = {
			isa = PBXVariantGroup;
			children = (
				D8F0F5EB1EDD15B40036505F /* Base */,
			);
			name = LaunchScreen.storyboard;
			sourceTree = "<group>";
		};
/* End PBXVariantGroup section */

/* Begin XCBuildConfiguration section */
		D8F0F5EE1EDD15B40036505F /* Debug */ = {
			isa = XCBuildConfiguration;
			buildSettings = {
				ALWAYS_SEARCH_USER_PATHS = NO;
				CLANG_ANALYZER_NONNULL = YES;
				CLANG_ANALYZER_NUMBER_OBJECT_CONVERSION = YES_AGGRESSIVE;
				CLANG_CXX_LANGUAGE_STANDARD = "gnu++0x";
				CLANG_CXX_LIBRARY = "libc++";
				CLANG_ENABLE_MODULES = YES;
				CLANG_ENABLE_OBJC_ARC = YES;
				CLANG_WARN_BOOL_CONVERSION = YES;
				CLANG_WARN_CONSTANT_CONVERSION = YES;
				CLANG_WARN_DIRECT_OBJC_ISA_USAGE = YES_ERROR;
				CLANG_WARN_DOCUMENTATION_COMMENTS = YES;
				CLANG_WARN_EMPTY_BODY = YES;
				CLANG_WARN_ENUM_CONVERSION = YES;
				CLANG_WARN_INFINITE_RECURSION = YES;
				CLANG_WARN_INT_CONVERSION = YES;
				CLANG_WARN_OBJC_ROOT_CLASS = YES_ERROR;
				CLANG_WARN_SUSPICIOUS_MOVE = YES;
				CLANG_WARN_UNREACHABLE_CODE = YES;
				CLANG_WARN__DUPLICATE_METHOD_MATCH = YES;
				"CODE_SIGN_IDENTITY[sdk=iphoneos*]" = "iPhone Developer";
				COPY_PHASE_STRIP = NO;
				DEBUG_INFORMATION_FORMAT = dwarf;
				ENABLE_STRICT_OBJC_MSGSEND = YES;
				ENABLE_TESTABILITY = YES;
				GCC_C_LANGUAGE_STANDARD = gnu99;
				GCC_DYNAMIC_NO_PIC = NO;
				GCC_NO_COMMON_BLOCKS = YES;
				GCC_OPTIMIZATION_LEVEL = 0;
				GCC_PREPROCESSOR_DEFINITIONS = (
					"DEBUG=1",
					"$(inherited)",
				);
				GCC_WARN_64_TO_32_BIT_CONVERSION = YES;
				GCC_WARN_ABOUT_RETURN_TYPE = YES_ERROR;
				GCC_WARN_UNDECLARED_SELECTOR = YES;
				GCC_WARN_UNINITIALIZED_AUTOS = YES_AGGRESSIVE;
				GCC_WARN_UNUSED_FUNCTION = YES;
				GCC_WARN_UNUSED_VARIABLE = YES;
				IPHONEOS_DEPLOYMENT_TARGET = 10.3;
				MTL_ENABLE_DEBUG_INFO = YES;
				ONLY_ACTIVE_ARCH = YES;
				SDKROOT = iphoneos;
				SWIFT_ACTIVE_COMPILATION_CONDITIONS = DEBUG;
				SWIFT_OPTIMIZATION_LEVEL = "-Onone";
				TARGETED_DEVICE_FAMILY = "1,2";
			};
			name = Debug;
		};
		D8F0F5EF1EDD15B40036505F /* Release */ = {
			isa = XCBuildConfiguration;
			buildSettings = {
				ALWAYS_SEARCH_USER_PATHS = NO;
				CLANG_ANALYZER_NONNULL = YES;
				CLANG_ANALYZER_NUMBER_OBJECT_CONVERSION = YES_AGGRESSIVE;
				CLANG_CXX_LANGUAGE_STANDARD = "gnu++0x";
				CLANG_CXX_LIBRARY = "libc++";
				CLANG_ENABLE_MODULES = YES;
				CLANG_ENABLE_OBJC_ARC = YES;
				CLANG_WARN_BOOL_CONVERSION = YES;
				CLANG_WARN_CONSTANT_CONVERSION = YES;
				CLANG_WARN_DIRECT_OBJC_ISA_USAGE = YES_ERROR;
				CLANG_WARN_DOCUMENTATION_COMMENTS = YES;
				CLANG_WARN_EMPTY_BODY = YES;
				CLANG_WARN_ENUM_CONVERSION = YES;
				CLANG_WARN_INFINITE_RECURSION = YES;
				CLANG_WARN_INT_CONVERSION = YES;
				CLANG_WARN_OBJC_ROOT_CLASS = YES_ERROR;
				CLANG_WARN_SUSPICIOUS_MOVE = YES;
				CLANG_WARN_UNREACHABLE_CODE = YES;
				CLANG_WARN__DUPLICATE_METHOD_MATCH = YES;
				"CODE_SIGN_IDENTITY[sdk=iphoneos*]" = "iPhone Developer";
				COPY_PHASE_STRIP = NO;
				DEBUG_INFORMATION_FORMAT = "dwarf-with-dsym";
				ENABLE_NS_ASSERTIONS = NO;
				ENABLE_STRICT_OBJC_MSGSEND = YES;
				GCC_C_LANGUAGE_STANDARD = gnu99;
				GCC_NO_COMMON_BLOCKS = YES;
				GCC_WARN_64_TO_32_BIT_CONVERSION = YES;
				GCC_WARN_ABOUT_RETURN_TYPE = YES_ERROR;
				GCC_WARN_UNDECLARED_SELECTOR = YES;
				GCC_WARN_UNINITIALIZED_AUTOS = YES_AGGRESSIVE;
				GCC_WARN_UNUSED_FUNCTION = YES;
				GCC_WARN_UNUSED_VARIABLE = YES;
				IPHONEOS_DEPLOYMENT_TARGET = 10.3;
				MTL_ENABLE_DEBUG_INFO = NO;
				SDKROOT = iphoneos;
				SWIFT_OPTIMIZATION_LEVEL = "-Owholemodule";
				TARGETED_DEVICE_FAMILY = "1,2";
				VALIDATE_PRODUCT = YES;
			};
			name = Release;
		};
		D8F0F5F11EDD15B40036505F /* Debug */ = {
			isa = XCBuildConfiguration;
			buildSettings = {
				ASSETCATALOG_COMPILER_APPICON_NAME = AppIcon;
				INFOPLIST_FILE = FaceIt/Info.plist;
				LD_RUNPATH_SEARCH_PATHS = "$(inherited) @executable_path/Frameworks";
				PRODUCT_BUNDLE_IDENTIFIER = com.statefarm.gmu9.FaceIt;
				PRODUCT_NAME = "$(TARGET_NAME)";
				SWIFT_VERSION = 3.0;
			};
			name = Debug;
		};
		D8F0F5F21EDD15B40036505F /* Release */ = {
			isa = XCBuildConfiguration;
			buildSettings = {
				ASSETCATALOG_COMPILER_APPICON_NAME = AppIcon;
				INFOPLIST_FILE = FaceIt/Info.plist;
				LD_RUNPATH_SEARCH_PATHS = "$(inherited) @executable_path/Frameworks";
				PRODUCT_BUNDLE_IDENTIFIER = com.statefarm.gmu9.FaceIt;
				PRODUCT_NAME = "$(TARGET_NAME)";
				SWIFT_VERSION = 3.0;
			};
			name = Release;
		};
/* End XCBuildConfiguration section */

/* Begin XCConfigurationList section */
		D8F0F5D91EDD15B40036505F /* Build configuration list for PBXProject "FaceIt" */ = {
			isa = XCConfigurationList;
			buildConfigurations = (
				D8F0F5EE1EDD15B40036505F /* Debug */,
				D8F0F5EF1EDD15B40036505F /* Release */,
			);
			defaultConfigurationIsVisible = 0;
			defaultConfigurationName = Release;
		};
		D8F0F5F01EDD15B40036505F /* Build configuration list for PBXNativeTarget "FaceIt" */ = {
			isa = XCConfigurationList;
			buildConfigurations = (
				D8F0F5F11EDD15B40036505F /* Debug */,
				D8F0F5F21EDD15B40036505F /* Release */,
			);
			defaultConfigurationIsVisible = 0;
			defaultConfigurationName = Release;
		};
/* End XCConfigurationList section */
	};
	rootObject = D8F0F5D61EDD15B40036505F /* Project object */;
}
